
Microsoft Visual Studio Solution File, Format Version 12.00
# Visual Studio Version 16
VisualStudioVersion = 16.0.31613.86
MinimumVisualStudioVersion = 10.0.40219.1
Project("{888888A0-9F3D-457C-B088-3A5042F75D52}") = "Simple Search Engine", "Simple Search Engine.pyproj", "{7087E7DD-255F-40E8-B40E-6206FE814EC5}"
EndProject
Global
	GlobalSection(SolutionConfigurationPlatforms) = preSolution
		Debug|Any CPU = Debug|Any CPU
		Release|Any CPU = Release|Any CPU
	EndGlobalSection
	GlobalSection(ProjectConfigurationPlatforms) = postSolution
		{7087E7DD-255F-40E8-B40E-6206FE814EC5}.Debug|Any CPU.ActiveCfg = Debug|Any CPU
		{7087E7DD-255F-40E8-B40E-6206FE814EC5}.Release|Any CPU.ActiveCfg = Release|Any CPU
	EndGlobalSection
	GlobalSection(SolutionProperties) = preSolution
		HideSolutionNode = FALSE
	EndGlobalSection
	GlobalSection(ExtensibilityGlobals) = postSolution
		SolutionGuid = {692A7C4E-C4EA-4049-AB63-40ECB1EB7ADD}
	EndGlobalSection
EndGlobal
